
Microsoft Visual Studio Solution File, Format Version 12.00
# Visual Studio Version 17
VisualStudioVersion = 17.4.33122.133
MinimumVisualStudioVersion = 10.0.40219.1
Project("{9A19103F-16F7-4668-BE54-9A1E7A4F7556}") = "BethanysPieShop", "BethanysPieShop.csproj", "{0A51969B-7F6E-4D02-8F63-B9116FFA27C9}"
EndProject
Global
	GlobalSection(SolutionConfigurationPlatforms) = preSolution
		Debug|Any CPU = Debug|Any CPU
		Release|Any CPU = Release|Any CPU
	EndGlobalSection
	GlobalSection(ProjectConfigurationPlatforms) = postSolution
		{0A51969B-7F6E-4D02-8F63-B9116FFA27C9}.Debug|Any CPU.ActiveCfg = Debug|Any CPU
		{0A51969B-7F6E-4D02-8F63-B9116FFA27C9}.Debug|Any CPU.Build.0 = Debug|Any CPU
		{0A51969B-7F6E-4D02-8F63-B9116FFA27C9}.Release|Any CPU.ActiveCfg = Release|Any CPU
		{0A51969B-7F6E-4D02-8F63-B9116FFA27C9}.Release|Any CPU.Build.0 = Release|Any CPU
	EndGlobalSection
	GlobalSection(SolutionProperties) = preSolution
		HideSolutionNode = FALSE
	EndGlobalSection
	GlobalSection(ExtensibilityGlobals) = postSolution
		SolutionGuid = {2A134C25-3270-4104-9C09-E19B26377733}
	EndGlobalSection
EndGlobal
